// !$*UTF8*$!
{
	archiveVersion = 1;
	classes = {
	};
	objectVersion = 56;
	objects = {

/* Begin PBXBuildFile section */
		4A1AEC4E2C33F3F100FB726A /* AppDelegate.swift in Sources */ = {isa = PBXBuildFile; fileRef = 4A1AEC4D2C33F3F100FB726A /* AppDelegate.swift */; };
		4A1AEC502C33F3F100FB726A /* SceneDelegate.swift in Sources */ = {isa = PBXBuildFile; fileRef = 4A1AEC4F2C33F3F100FB726A /* SceneDelegate.swift */; };
		4A1AEC572C33F3F200FB726A /* Assets.xcassets in Resources */ = {isa = PBXBuildFile; fileRef = 4A1AEC562C33F3F200FB726A /* Assets.xcassets */; };
		4A1AEC5A2C33F3F200FB726A /* Base in Resources */ = {isa = PBXBuildFile; fileRef = 4A1AEC592C33F3F200FB726A /* Base */; };
		4A1AEC622C34055B00FB726A /* Colors.xcassets in Resources */ = {isa = PBXBuildFile; fileRef = 4A1AEC612C34055B00FB726A /* Colors.xcassets */; };
		4A1AEC642C3408F900FB726A /* Colors.swift in Sources */ = {isa = PBXBuildFile; fileRef = 4A1AEC632C3408F900FB726A /* Colors.swift */; };
		4A1AEC6A2C340DAF00FB726A /* Fonts.swift in Sources */ = {isa = PBXBuildFile; fileRef = 4A1AEC692C340DAF00FB726A /* Fonts.swift */; };
		4A1AEC762C37D8C100FB726A /* DropDownButton.swift in Sources */ = {isa = PBXBuildFile; fileRef = 4A1AEC752C37D8C100FB726A /* DropDownButton.swift */; };
		4A1AEC792C37F3AD00FB726A /* Montserrat.ttf in Resources */ = {isa = PBXBuildFile; fileRef = 4A1AEC782C37F3AD00FB726A /* Montserrat.ttf */; };
		4A1AEC7D2C37F74D00FB726A /* Montserrat-SemiBold.ttf in Resources */ = {isa = PBXBuildFile; fileRef = 4A1AEC7C2C37F74D00FB726A /* Montserrat-SemiBold.ttf */; };
		4A1AEC862C38329E00FB726A /* SegmentControl.swift in Sources */ = {isa = PBXBuildFile; fileRef = 4A1AEC852C38329E00FB726A /* SegmentControl.swift */; };
		4A1AEC8A2C39A2B600FB726A /* SearchTextField.swift in Sources */ = {isa = PBXBuildFile; fileRef = 4A1AEC892C39A2B600FB726A /* SearchTextField.swift */; };
		4A1AEC8C2C3A961900FB726A /* Montserrat-Bold.ttf in Resources */ = {isa = PBXBuildFile; fileRef = 4A1AEC8B2C3A961900FB726A /* Montserrat-Bold.ttf */; };
		4A1AEC8E2C3BD55900FB726A /* RmButton.swift in Sources */ = {isa = PBXBuildFile; fileRef = 4A1AEC8D2C3BD55900FB726A /* RmButton.swift */; };
		4A1AEC902C3BE43500FB726A /* UIConstants.swift in Sources */ = {isa = PBXBuildFile; fileRef = 4A1AEC8F2C3BE43500FB726A /* UIConstants.swift */; };
		4A1AEC942C3C0EA700FB726A /* FilterViewController.swift in Sources */ = {isa = PBXBuildFile; fileRef = 4A1AEC932C3C0EA700FB726A /* FilterViewController.swift */; };
		4A1AEC962C3C0EC300FB726A /* FilterView.swift in Sources */ = {isa = PBXBuildFile; fileRef = 4A1AEC952C3C0EC300FB726A /* FilterView.swift */; };
		4A1AEC982C3C1A1C00FB726A /* FilterModel.swift in Sources */ = {isa = PBXBuildFile; fileRef = 4A1AEC972C3C1A1C00FB726A /* FilterModel.swift */; };
		4A1AEC9A2C3D394200FB726A /* DropDownMenu.swift in Sources */ = {isa = PBXBuildFile; fileRef = 4A1AEC992C3D394200FB726A /* DropDownMenu.swift */; };
		4A1AEC9C2C3DAA1300FB726A /* DropDownTableViewCell.swift in Sources */ = {isa = PBXBuildFile; fileRef = 4A1AEC9B2C3DAA1300FB726A /* DropDownTableViewCell.swift */; };
		4A1AEC9E2C3DAB7300FB726A /* PaddingLabel.swift in Sources */ = {isa = PBXBuildFile; fileRef = 4A1AEC9D2C3DAB7300FB726A /* PaddingLabel.swift */; };
		4AA0CF2A2C3E7D0400CE4C51 /* HeaderView.swift in Sources */ = {isa = PBXBuildFile; fileRef = 4AA0CF292C3E7D0400CE4C51 /* HeaderView.swift */; };
		4AA0CF2C2C3E7E8700CE4C51 /* HeaderViewController.swift in Sources */ = {isa = PBXBuildFile; fileRef = 4AA0CF2B2C3E7E8700CE4C51 /* HeaderViewController.swift */; };
		4AA0CF2F2C4021D000CE4C51 /* ExpandedButton.swift in Sources */ = {isa = PBXBuildFile; fileRef = 4AA0CF2E2C4021D000CE4C51 /* ExpandedButton.swift */; };
		4AA0CF322C411D2900CE4C51 /* MainViewController.swift in Sources */ = {isa = PBXBuildFile; fileRef = 4AA0CF312C411D2900CE4C51 /* MainViewController.swift */; };
		4AA0CF352C411D4E00CE4C51 /* MainView.swift in Sources */ = {isa = PBXBuildFile; fileRef = 4AA0CF342C411D4E00CE4C51 /* MainView.swift */; };
		4AA0CF372C41278F00CE4C51 /* ResultsViewController.swift in Sources */ = {isa = PBXBuildFile; fileRef = 4AA0CF362C41278F00CE4C51 /* ResultsViewController.swift */; };
		4AA0CF3A2C414E8E00CE4C51 /* CharacterModel.swift in Sources */ = {isa = PBXBuildFile; fileRef = 4AA0CF392C414E8E00CE4C51 /* CharacterModel.swift */; };
		4AA0CF3C2C4151E800CE4C51 /* CharacterTableViewCell.swift in Sources */ = {isa = PBXBuildFile; fileRef = 4AA0CF3B2C4151E800CE4C51 /* CharacterTableViewCell.swift */; };
		4AA0CF3E2C417F9A00CE4C51 /* ContentSizedTableView.swift in Sources */ = {isa = PBXBuildFile; fileRef = 4AA0CF3D2C417F9A00CE4C51 /* ContentSizedTableView.swift */; };
		4AA0CF402C41837200CE4C51 /* CharacterInfo.swift in Sources */ = {isa = PBXBuildFile; fileRef = 4AA0CF3F2C41837200CE4C51 /* CharacterInfo.swift */; };
		4AA0CF462C426AC000CE4C51 /* CharacterViewController.swift in Sources */ = {isa = PBXBuildFile; fileRef = 4AA0CF452C426AC000CE4C51 /* CharacterViewController.swift */; };
		4AA0CF4B2C426CB100CE4C51 /* CharacterView.swift in Sources */ = {isa = PBXBuildFile; fileRef = 4AA0CF4A2C426CB100CE4C51 /* CharacterView.swift */; };
		4AA0CF4D2C427C4500CE4C51 /* MainRouter.swift in Sources */ = {isa = PBXBuildFile; fileRef = 4AA0CF4C2C427C4500CE4C51 /* MainRouter.swift */; };
		4AA0CF4F2C427DFB00CE4C51 /* Router.swift in Sources */ = {isa = PBXBuildFile; fileRef = 4AA0CF4E2C427DFB00CE4C51 /* Router.swift */; };
		4AA0CF572C44250600CE4C51 /* ListResponse.swift in Sources */ = {isa = PBXBuildFile; fileRef = 4AA0CF562C44250600CE4C51 /* ListResponse.swift */; };
		4AA0CF592C44275100CE4C51 /* Route.swift in Sources */ = {isa = PBXBuildFile; fileRef = 4AA0CF582C44275100CE4C51 /* Route.swift */; };
		4AA0CF5B2C44282000CE4C51 /* Api.swift in Sources */ = {isa = PBXBuildFile; fileRef = 4AA0CF5A2C44282000CE4C51 /* Api.swift */; };
		4AA0CF5D2C442A5400CE4C51 /* HTTPClient.swift in Sources */ = {isa = PBXBuildFile; fileRef = 4AA0CF5C2C442A5400CE4C51 /* HTTPClient.swift */; };
		4AA0CF5F2C442A7D00CE4C51 /* NetworkError.swift in Sources */ = {isa = PBXBuildFile; fileRef = 4AA0CF5E2C442A7D00CE4C51 /* NetworkError.swift */; };
		4AA0CF612C442B9400CE4C51 /* RequestBuilder.swift in Sources */ = {isa = PBXBuildFile; fileRef = 4AA0CF602C442B9400CE4C51 /* RequestBuilder.swift */; };
		4AA0CF632C442C9600CE4C51 /* DropDownNetworkService.swift in Sources */ = {isa = PBXBuildFile; fileRef = 4AA0CF622C442C9600CE4C51 /* DropDownNetworkService.swift */; };
		4AA0CF652C442DB300CE4C51 /* DropDownRoute.swift in Sources */ = {isa = PBXBuildFile; fileRef = 4AA0CF642C442DB300CE4C51 /* DropDownRoute.swift */; };
		4AA0CF692C45280A00CE4C51 /* DropDownPresenter.swift in Sources */ = {isa = PBXBuildFile; fileRef = 4AA0CF682C45280A00CE4C51 /* DropDownPresenter.swift */; };
		4AA0CF6B2C4529AE00CE4C51 /* DropDownListType.swift in Sources */ = {isa = PBXBuildFile; fileRef = 4AA0CF6A2C4529AE00CE4C51 /* DropDownListType.swift */; };
		4AA0CF6F2C452AC000CE4C51 /* DropDownMenuFactory.swift in Sources */ = {isa = PBXBuildFile; fileRef = 4AA0CF6E2C452AC000CE4C51 /* DropDownMenuFactory.swift */; };
		4AA0CF712C452B4900CE4C51 /* ModuleInput.swift in Sources */ = {isa = PBXBuildFile; fileRef = 4AA0CF702C452B4900CE4C51 /* ModuleInput.swift */; };
		4AA0CF732C452B6800CE4C51 /* DropDownInput.swift in Sources */ = {isa = PBXBuildFile; fileRef = 4AA0CF722C452B6800CE4C51 /* DropDownInput.swift */; };
		4AA0CF792C4536F600CE4C51 /* UIViewController + Ext.swift in Sources */ = {isa = PBXBuildFile; fileRef = 4AA0CF782C4536F600CE4C51 /* UIViewController + Ext.swift */; };
		4AA0CF7B2C45391A00CE4C51 /* FilterPresenter.swift in Sources */ = {isa = PBXBuildFile; fileRef = 4AA0CF7A2C45391A00CE4C51 /* FilterPresenter.swift */; };
		4AA0CF7D2C454F1D00CE4C51 /* FilterFactory.swift in Sources */ = {isa = PBXBuildFile; fileRef = 4AA0CF7C2C454F1D00CE4C51 /* FilterFactory.swift */; };
		4AA0CF812C45888B00CE4C51 /* ResultsPresenter.swift in Sources */ = {isa = PBXBuildFile; fileRef = 4AA0CF802C45888B00CE4C51 /* ResultsPresenter.swift */; };
		4AA0CF842C4589D900CE4C51 /* ResultsNetworkService.swift in Sources */ = {isa = PBXBuildFile; fileRef = 4AA0CF832C4589D900CE4C51 /* ResultsNetworkService.swift */; };
		4AA0CF862C458AE000CE4C51 /* CharacterResponse.swift in Sources */ = {isa = PBXBuildFile; fileRef = 4AA0CF852C458AE000CE4C51 /* CharacterResponse.swift */; };
		4AA0CF892C4595EE00CE4C51 /* ResultsRoute.swift in Sources */ = {isa = PBXBuildFile; fileRef = 4AA0CF882C4595EE00CE4C51 /* ResultsRoute.swift */; };
		4AA0CF8B2C459BD200CE4C51 /* Notification.Name + Ext.swift in Sources */ = {isa = PBXBuildFile; fileRef = 4AA0CF8A2C459BD200CE4C51 /* Notification.Name + Ext.swift */; };
		4AA0CF8D2C459DE700CE4C51 /* ResultsFactory.swift in Sources */ = {isa = PBXBuildFile; fileRef = 4AA0CF8C2C459DE700CE4C51 /* ResultsFactory.swift */; };
		4AA0CF932C46C7A400CE4C51 /* SpinnerController.swift in Sources */ = {isa = PBXBuildFile; fileRef = 4AA0CF922C46C7A400CE4C51 /* SpinnerController.swift */; };
		4AA0CF982C46EFC500CE4C51 /* EpisodeResponse.swift in Sources */ = {isa = PBXBuildFile; fileRef = 4AA0CF972C46EFC500CE4C51 /* EpisodeResponse.swift */; };
/* End PBXBuildFile section */

/* Begin PBXFileReference section */
		4A1AEC4A2C33F3F100FB726A /* RickAndMorty.app */ = {isa = PBXFileReference; explicitFileType = wrapper.application; includeInIndex = 0; path = RickAndMorty.app; sourceTree = BUILT_PRODUCTS_DIR; };
		4A1AEC4D2C33F3F100FB726A /* AppDelegate.swift */ = {isa = PBXFileReference; lastKnownFileType = sourcecode.swift; path = AppDelegate.swift; sourceTree = "<group>"; };
		4A1AEC4F2C33F3F100FB726A /* SceneDelegate.swift */ = {isa = PBXFileReference; lastKnownFileType = sourcecode.swift; path = SceneDelegate.swift; sourceTree = "<group>"; };
		4A1AEC562C33F3F200FB726A /* Assets.xcassets */ = {isa = PBXFileReference; lastKnownFileType = folder.assetcatalog; path = Assets.xcassets; sourceTree = "<group>"; };
		4A1AEC592C33F3F200FB726A /* Base */ = {isa = PBXFileReference; lastKnownFileType = file.storyboard; name = Base; path = Base.lproj/LaunchScreen.storyboard; sourceTree = "<group>"; };
		4A1AEC5B2C33F3F200FB726A /* Info.plist */ = {isa = PBXFileReference; lastKnownFileType = text.plist.xml; path = Info.plist; sourceTree = "<group>"; };
		4A1AEC612C34055B00FB726A /* Colors.xcassets */ = {isa = PBXFileReference; lastKnownFileType = folder.assetcatalog; path = Colors.xcassets; sourceTree = "<group>"; };
		4A1AEC632C3408F900FB726A /* Colors.swift */ = {isa = PBXFileReference; lastKnownFileType = sourcecode.swift; path = Colors.swift; sourceTree = "<group>"; };
		4A1AEC692C340DAF00FB726A /* Fonts.swift */ = {isa = PBXFileReference; lastKnownFileType = sourcecode.swift; path = Fonts.swift; sourceTree = "<group>"; };
		4A1AEC752C37D8C100FB726A /* DropDownButton.swift */ = {isa = PBXFileReference; lastKnownFileType = sourcecode.swift; path = DropDownButton.swift; sourceTree = "<group>"; };
		4A1AEC782C37F3AD00FB726A /* Montserrat.ttf */ = {isa = PBXFileReference; lastKnownFileType = file; path = Montserrat.ttf; sourceTree = "<group>"; };
		4A1AEC7C2C37F74D00FB726A /* Montserrat-SemiBold.ttf */ = {isa = PBXFileReference; lastKnownFileType = file; path = "Montserrat-SemiBold.ttf"; sourceTree = "<group>"; };
		4A1AEC852C38329E00FB726A /* SegmentControl.swift */ = {isa = PBXFileReference; lastKnownFileType = sourcecode.swift; path = SegmentControl.swift; sourceTree = "<group>"; };
		4A1AEC892C39A2B600FB726A /* SearchTextField.swift */ = {isa = PBXFileReference; lastKnownFileType = sourcecode.swift; path = SearchTextField.swift; sourceTree = "<group>"; };
		4A1AEC8B2C3A961900FB726A /* Montserrat-Bold.ttf */ = {isa = PBXFileReference; lastKnownFileType = file; path = "Montserrat-Bold.ttf"; sourceTree = "<group>"; };
		4A1AEC8D2C3BD55900FB726A /* RmButton.swift */ = {isa = PBXFileReference; lastKnownFileType = sourcecode.swift; path = RmButton.swift; sourceTree = "<group>"; };
		4A1AEC8F2C3BE43500FB726A /* UIConstants.swift */ = {isa = PBXFileReference; lastKnownFileType = sourcecode.swift; path = UIConstants.swift; sourceTree = "<group>"; };
		4A1AEC932C3C0EA700FB726A /* FilterViewController.swift */ = {isa = PBXFileReference; lastKnownFileType = sourcecode.swift; path = FilterViewController.swift; sourceTree = "<group>"; };
		4A1AEC952C3C0EC300FB726A /* FilterView.swift */ = {isa = PBXFileReference; lastKnownFileType = sourcecode.swift; path = FilterView.swift; sourceTree = "<group>"; };
		4A1AEC972C3C1A1C00FB726A /* FilterModel.swift */ = {isa = PBXFileReference; lastKnownFileType = sourcecode.swift; path = FilterModel.swift; sourceTree = "<group>"; };
		4A1AEC992C3D394200FB726A /* DropDownMenu.swift */ = {isa = PBXFileReference; lastKnownFileType = sourcecode.swift; path = DropDownMenu.swift; sourceTree = "<group>"; };
		4A1AEC9B2C3DAA1300FB726A /* DropDownTableViewCell.swift */ = {isa = PBXFileReference; lastKnownFileType = sourcecode.swift; path = DropDownTableViewCell.swift; sourceTree = "<group>"; };
		4A1AEC9D2C3DAB7300FB726A /* PaddingLabel.swift */ = {isa = PBXFileReference; lastKnownFileType = sourcecode.swift; path = PaddingLabel.swift; sourceTree = "<group>"; };
		4AA0CF292C3E7D0400CE4C51 /* HeaderView.swift */ = {isa = PBXFileReference; lastKnownFileType = sourcecode.swift; path = HeaderView.swift; sourceTree = "<group>"; };
		4AA0CF2B2C3E7E8700CE4C51 /* HeaderViewController.swift */ = {isa = PBXFileReference; lastKnownFileType = sourcecode.swift; path = HeaderViewController.swift; sourceTree = "<group>"; };
		4AA0CF2E2C4021D000CE4C51 /* ExpandedButton.swift */ = {isa = PBXFileReference; lastKnownFileType = sourcecode.swift; path = ExpandedButton.swift; sourceTree = "<group>"; };
		4AA0CF312C411D2900CE4C51 /* MainViewController.swift */ = {isa = PBXFileReference; lastKnownFileType = sourcecode.swift; path = MainViewController.swift; sourceTree = "<group>"; };
		4AA0CF342C411D4E00CE4C51 /* MainView.swift */ = {isa = PBXFileReference; lastKnownFileType = sourcecode.swift; path = MainView.swift; sourceTree = "<group>"; };
		4AA0CF362C41278F00CE4C51 /* ResultsViewController.swift */ = {isa = PBXFileReference; lastKnownFileType = sourcecode.swift; path = ResultsViewController.swift; sourceTree = "<group>"; };
		4AA0CF392C414E8E00CE4C51 /* CharacterModel.swift */ = {isa = PBXFileReference; lastKnownFileType = sourcecode.swift; path = CharacterModel.swift; sourceTree = "<group>"; };
		4AA0CF3B2C4151E800CE4C51 /* CharacterTableViewCell.swift */ = {isa = PBXFileReference; lastKnownFileType = sourcecode.swift; path = CharacterTableViewCell.swift; sourceTree = "<group>"; };
		4AA0CF3D2C417F9A00CE4C51 /* ContentSizedTableView.swift */ = {isa = PBXFileReference; lastKnownFileType = sourcecode.swift; path = ContentSizedTableView.swift; sourceTree = "<group>"; };
		4AA0CF3F2C41837200CE4C51 /* CharacterInfo.swift */ = {isa = PBXFileReference; lastKnownFileType = sourcecode.swift; path = CharacterInfo.swift; sourceTree = "<group>"; };
		4AA0CF452C426AC000CE4C51 /* CharacterViewController.swift */ = {isa = PBXFileReference; lastKnownFileType = sourcecode.swift; path = CharacterViewController.swift; sourceTree = "<group>"; };
		4AA0CF4A2C426CB100CE4C51 /* CharacterView.swift */ = {isa = PBXFileReference; lastKnownFileType = sourcecode.swift; path = CharacterView.swift; sourceTree = "<group>"; };
		4AA0CF4C2C427C4500CE4C51 /* MainRouter.swift */ = {isa = PBXFileReference; lastKnownFileType = sourcecode.swift; path = MainRouter.swift; sourceTree = "<group>"; };
		4AA0CF4E2C427DFB00CE4C51 /* Router.swift */ = {isa = PBXFileReference; lastKnownFileType = sourcecode.swift; path = Router.swift; sourceTree = "<group>"; };
		4AA0CF562C44250600CE4C51 /* ListResponse.swift */ = {isa = PBXFileReference; lastKnownFileType = sourcecode.swift; path = ListResponse.swift; sourceTree = "<group>"; };
		4AA0CF582C44275100CE4C51 /* Route.swift */ = {isa = PBXFileReference; lastKnownFileType = sourcecode.swift; path = Route.swift; sourceTree = "<group>"; };
		4AA0CF5A2C44282000CE4C51 /* Api.swift */ = {isa = PBXFileReference; lastKnownFileType = sourcecode.swift; path = Api.swift; sourceTree = "<group>"; };
		4AA0CF5C2C442A5400CE4C51 /* HTTPClient.swift */ = {isa = PBXFileReference; lastKnownFileType = sourcecode.swift; path = HTTPClient.swift; sourceTree = "<group>"; };
		4AA0CF5E2C442A7D00CE4C51 /* NetworkError.swift */ = {isa = PBXFileReference; lastKnownFileType = sourcecode.swift; path = NetworkError.swift; sourceTree = "<group>"; };
		4AA0CF602C442B9400CE4C51 /* RequestBuilder.swift */ = {isa = PBXFileReference; lastKnownFileType = sourcecode.swift; path = RequestBuilder.swift; sourceTree = "<group>"; };
		4AA0CF622C442C9600CE4C51 /* DropDownNetworkService.swift */ = {isa = PBXFileReference; lastKnownFileType = sourcecode.swift; path = DropDownNetworkService.swift; sourceTree = "<group>"; };
		4AA0CF642C442DB300CE4C51 /* DropDownRoute.swift */ = {isa = PBXFileReference; lastKnownFileType = sourcecode.swift; path = DropDownRoute.swift; sourceTree = "<group>"; };
		4AA0CF682C45280A00CE4C51 /* DropDownPresenter.swift */ = {isa = PBXFileReference; lastKnownFileType = sourcecode.swift; path = DropDownPresenter.swift; sourceTree = "<group>"; };
		4AA0CF6A2C4529AE00CE4C51 /* DropDownListType.swift */ = {isa = PBXFileReference; lastKnownFileType = sourcecode.swift; path = DropDownListType.swift; sourceTree = "<group>"; };
		4AA0CF6E2C452AC000CE4C51 /* DropDownMenuFactory.swift */ = {isa = PBXFileReference; lastKnownFileType = sourcecode.swift; path = DropDownMenuFactory.swift; sourceTree = "<group>"; };
		4AA0CF702C452B4900CE4C51 /* ModuleInput.swift */ = {isa = PBXFileReference; lastKnownFileType = sourcecode.swift; path = ModuleInput.swift; sourceTree = "<group>"; };
		4AA0CF722C452B6800CE4C51 /* DropDownInput.swift */ = {isa = PBXFileReference; lastKnownFileType = sourcecode.swift; path = DropDownInput.swift; sourceTree = "<group>"; };
		4AA0CF782C4536F600CE4C51 /* UIViewController + Ext.swift */ = {isa = PBXFileReference; lastKnownFileType = sourcecode.swift; path = "UIViewController + Ext.swift"; sourceTree = "<group>"; };
		4AA0CF7A2C45391A00CE4C51 /* FilterPresenter.swift */ = {isa = PBXFileReference; lastKnownFileType = sourcecode.swift; path = FilterPresenter.swift; sourceTree = "<group>"; };
		4AA0CF7C2C454F1D00CE4C51 /* FilterFactory.swift */ = {isa = PBXFileReference; lastKnownFileType = sourcecode.swift; path = FilterFactory.swift; sourceTree = "<group>"; };
		4AA0CF802C45888B00CE4C51 /* ResultsPresenter.swift */ = {isa = PBXFileReference; lastKnownFileType = sourcecode.swift; path = ResultsPresenter.swift; sourceTree = "<group>"; };
		4AA0CF832C4589D900CE4C51 /* ResultsNetworkService.swift */ = {isa = PBXFileReference; lastKnownFileType = sourcecode.swift; path = ResultsNetworkService.swift; sourceTree = "<group>"; };
		4AA0CF852C458AE000CE4C51 /* CharacterResponse.swift */ = {isa = PBXFileReference; lastKnownFileType = sourcecode.swift; path = CharacterResponse.swift; sourceTree = "<group>"; };
		4AA0CF882C4595EE00CE4C51 /* ResultsRoute.swift */ = {isa = PBXFileReference; lastKnownFileType = sourcecode.swift; path = ResultsRoute.swift; sourceTree = "<group>"; };
		4AA0CF8A2C459BD200CE4C51 /* Notification.Name + Ext.swift */ = {isa = PBXFileReference; lastKnownFileType = sourcecode.swift; path = "Notification.Name + Ext.swift"; sourceTree = "<group>"; };
		4AA0CF8C2C459DE700CE4C51 /* ResultsFactory.swift */ = {isa = PBXFileReference; lastKnownFileType = sourcecode.swift; path = ResultsFactory.swift; sourceTree = "<group>"; };
		4AA0CF922C46C7A400CE4C51 /* SpinnerController.swift */ = {isa = PBXFileReference; lastKnownFileType = sourcecode.swift; path = SpinnerController.swift; sourceTree = "<group>"; };
		4AA0CF972C46EFC500CE4C51 /* EpisodeResponse.swift */ = {isa = PBXFileReference; lastKnownFileType = sourcecode.swift; path = EpisodeResponse.swift; sourceTree = "<group>"; };
/* End PBXFileReference section */

/* Begin PBXFrameworksBuildPhase section */
		4A1AEC472C33F3F100FB726A /* Frameworks */ = {
			isa = PBXFrameworksBuildPhase;
			buildActionMask = 2147483647;
			files = (
			);
			runOnlyForDeploymentPostprocessing = 0;
		};
/* End PBXFrameworksBuildPhase section */

/* Begin PBXGroup section */
		4A1AEC412C33F3F100FB726A = {
			isa = PBXGroup;
			children = (
				4A1AEC4C2C33F3F100FB726A /* RickAndMorty */,
				4A1AEC4B2C33F3F100FB726A /* Products */,
			);
			sourceTree = "<group>";
		};
		4A1AEC4B2C33F3F100FB726A /* Products */ = {
			isa = PBXGroup;
			children = (
				4A1AEC4A2C33F3F100FB726A /* RickAndMorty.app */,
			);
			name = Products;
			sourceTree = "<group>";
		};
		4A1AEC4C2C33F3F100FB726A /* RickAndMorty */ = {
			isa = PBXGroup;
			children = (
				4A1AEC4D2C33F3F100FB726A /* AppDelegate.swift */,
				4A1AEC4F2C33F3F100FB726A /* SceneDelegate.swift */,
				4AA0CF7F2C4587F400CE4C51 /* Model */,
				4AA0CF512C4420CD00CE4C51 /* Network */,
				4AA0CF502C427F5000CE4C51 /* Helpers */,
				4A1AEC722C37D81100FB726A /* UI Elements */,
				4A1AEC912C3C0E7C00FB726A /* Flows */,
				4A1AEC682C340D8300FB726A /* Resources */,
				4A1AEC5B2C33F3F200FB726A /* Info.plist */,
				4A1AEC582C33F3F200FB726A /* LaunchScreen.storyboard */,
			);
			path = RickAndMorty;
			sourceTree = "<group>";
		};
		4A1AEC672C340D7600FB726A /* Fonts */ = {
			isa = PBXGroup;
			children = (
				4A1AEC782C37F3AD00FB726A /* Montserrat.ttf */,
				4A1AEC7C2C37F74D00FB726A /* Montserrat-SemiBold.ttf */,
				4A1AEC8B2C3A961900FB726A /* Montserrat-Bold.ttf */,
				4A1AEC692C340DAF00FB726A /* Fonts.swift */,
			);
			path = Fonts;
			sourceTree = "<group>";
		};
		4A1AEC682C340D8300FB726A /* Resources */ = {
			isa = PBXGroup;
			children = (
				4AA0CF3F2C41837200CE4C51 /* CharacterInfo.swift */,
				4A1AEC562C33F3F200FB726A /* Assets.xcassets */,
				4A1AEC6B2C3410C500FB726A /* Colors */,
				4A1AEC672C340D7600FB726A /* Fonts */,
			);
			path = Resources;
			sourceTree = "<group>";
		};
		4A1AEC6B2C3410C500FB726A /* Colors */ = {
			isa = PBXGroup;
			children = (
				4A1AEC612C34055B00FB726A /* Colors.xcassets */,
				4A1AEC632C3408F900FB726A /* Colors.swift */,
			);
			path = Colors;
			sourceTree = "<group>";
		};
		4A1AEC722C37D81100FB726A /* UI Elements */ = {
			isa = PBXGroup;
			children = (
				4A1AEC8F2C3BE43500FB726A /* UIConstants.swift */,
				4A1AEC852C38329E00FB726A /* SegmentControl.swift */,
				4A1AEC892C39A2B600FB726A /* SearchTextField.swift */,
				4A1AEC8D2C3BD55900FB726A /* RmButton.swift */,
				4A1AEC9D2C3DAB7300FB726A /* PaddingLabel.swift */,
				4AA0CF2E2C4021D000CE4C51 /* ExpandedButton.swift */,
				4AA0CF3D2C417F9A00CE4C51 /* ContentSizedTableView.swift */,
			);
			path = "UI Elements";
			sourceTree = "<group>";
		};
		4A1AEC912C3C0E7C00FB726A /* Flows */ = {
			isa = PBXGroup;
			children = (
				4AA0CF992C4720CC00CE4C51 /* Main */,
				4AA0CF472C426AC400CE4C51 /* Character */,
			);
			path = Flows;
			sourceTree = "<group>";
		};
		4A1AEC922C3C0E9700FB726A /* Filter */ = {
			isa = PBXGroup;
			children = (
				4AA0CF7E2C455DF300CE4C51 /* Factory */,
				4AA0CF742C452F1C00CE4C51 /* View */,
				4A1AEC932C3C0EA700FB726A /* FilterViewController.swift */,
				4AA0CF7A2C45391A00CE4C51 /* FilterPresenter.swift */,
			);
			path = Filter;
			sourceTree = "<group>";
		};
		4A1AEC9F2C3DB80500FB726A /* DropDownMenu */ = {
			isa = PBXGroup;
			children = (
				4AA0CF6D2C452A7800CE4C51 /* Factory */,
				4AA0CF752C452F8A00CE4C51 /* Network */,
				4AA0CF6C2C452A6A00CE4C51 /* View */,
				4A1AEC992C3D394200FB726A /* DropDownMenu.swift */,
				4AA0CF682C45280A00CE4C51 /* DropDownPresenter.swift */,
			);
			path = DropDownMenu;
			sourceTree = "<group>";
		};
		4AA0CF2D2C3E844B00CE4C51 /* Header */ = {
			isa = PBXGroup;
			children = (
				4AA0CF902C46C6A600CE4C51 /* View */,
				4AA0CF2B2C3E7E8700CE4C51 /* HeaderViewController.swift */,
			);
			path = Header;
			sourceTree = "<group>";
		};
		4AA0CF302C411D0800CE4C51 /* Main */ = {
			isa = PBXGroup;
			children = (
				4AA0CF8E2C46C67B00CE4C51 /* Navigation */,
				4AA0CF8F2C46C69000CE4C51 /* View */,
				4AA0CF312C411D2900CE4C51 /* MainViewController.swift */,
			);
			path = Main;
			sourceTree = "<group>";
		};
		4AA0CF382C414E3500CE4C51 /* Results */ = {
			isa = PBXGroup;
			children = (
				4AA0CF912C46C6B000CE4C51 /* Factory */,
				4AA0CF872C458B7D00CE4C51 /* Network */,
				4AA0CF822C4589BE00CE4C51 /* View */,
				4AA0CF362C41278F00CE4C51 /* ResultsViewController.swift */,
				4AA0CF802C45888B00CE4C51 /* ResultsPresenter.swift */,
			);
			path = Results;
			sourceTree = "<group>";
		};
		4AA0CF472C426AC400CE4C51 /* Character */ = {
			isa = PBXGroup;
			children = (
				4AA0CF4A2C426CB100CE4C51 /* CharacterView.swift */,
				4AA0CF452C426AC000CE4C51 /* CharacterViewController.swift */,
			);
			path = Character;
			sourceTree = "<group>";
		};
		4AA0CF502C427F5000CE4C51 /* Helpers */ = {
			isa = PBXGroup;
			children = (
				4AA0CF4E2C427DFB00CE4C51 /* Router.swift */,
				4AA0CF702C452B4900CE4C51 /* ModuleInput.swift */,
				4AA0CF782C4536F600CE4C51 /* UIViewController + Ext.swift */,
				4AA0CF8A2C459BD200CE4C51 /* Notification.Name + Ext.swift */,
				4AA0CF922C46C7A400CE4C51 /* SpinnerController.swift */,
			);
			path = Helpers;
			sourceTree = "<group>";
		};
		4AA0CF512C4420CD00CE4C51 /* Network */ = {
			isa = PBXGroup;
			children = (
				4AA0CF582C44275100CE4C51 /* Route.swift */,
				4AA0CF5A2C44282000CE4C51 /* Api.swift */,
				4AA0CF5C2C442A5400CE4C51 /* HTTPClient.swift */,
				4AA0CF602C442B9400CE4C51 /* RequestBuilder.swift */,
				4AA0CF5E2C442A7D00CE4C51 /* NetworkError.swift */,
			);
			path = Network;
			sourceTree = "<group>";
		};
		4AA0CF6C2C452A6A00CE4C51 /* View */ = {
			isa = PBXGroup;
			children = (
				4A1AEC9B2C3DAA1300FB726A /* DropDownTableViewCell.swift */,
			);
			path = View;
			sourceTree = "<group>";
		};
		4AA0CF6D2C452A7800CE4C51 /* Factory */ = {
			isa = PBXGroup;
			children = (
				4AA0CF6E2C452AC000CE4C51 /* DropDownMenuFactory.swift */,
				4AA0CF722C452B6800CE4C51 /* DropDownInput.swift */,
				4AA0CF6A2C4529AE00CE4C51 /* DropDownListType.swift */,
			);
			path = Factory;
			sourceTree = "<group>";
		};
		4AA0CF742C452F1C00CE4C51 /* View */ = {
			isa = PBXGroup;
			children = (
				4A1AEC752C37D8C100FB726A /* DropDownButton.swift */,
				4A1AEC952C3C0EC300FB726A /* FilterView.swift */,
			);
			path = View;
			sourceTree = "<group>";
		};
		4AA0CF752C452F8A00CE4C51 /* Network */ = {
			isa = PBXGroup;
			children = (
				4AA0CF622C442C9600CE4C51 /* DropDownNetworkService.swift */,
				4AA0CF562C44250600CE4C51 /* ListResponse.swift */,
				4AA0CF642C442DB300CE4C51 /* DropDownRoute.swift */,
			);
			path = Network;
			sourceTree = "<group>";
		};
		4AA0CF7E2C455DF300CE4C51 /* Factory */ = {
			isa = PBXGroup;
			children = (
				4AA0CF7C2C454F1D00CE4C51 /* FilterFactory.swift */,
			);
			path = Factory;
			sourceTree = "<group>";
		};
		4AA0CF7F2C4587F400CE4C51 /* Model */ = {
			isa = PBXGroup;
			children = (
				4A1AEC972C3C1A1C00FB726A /* FilterModel.swift */,
				4AA0CF392C414E8E00CE4C51 /* CharacterModel.swift */,
			);
			path = Model;
			sourceTree = "<group>";
		};
		4AA0CF822C4589BE00CE4C51 /* View */ = {
			isa = PBXGroup;
			children = (
				4AA0CF3B2C4151E800CE4C51 /* CharacterTableViewCell.swift */,
			);
			path = View;
			sourceTree = "<group>";
		};
		4AA0CF872C458B7D00CE4C51 /* Network */ = {
			isa = PBXGroup;
			children = (
				4AA0CF852C458AE000CE4C51 /* CharacterResponse.swift */,
				4AA0CF972C46EFC500CE4C51 /* EpisodeResponse.swift */,
				4AA0CF882C4595EE00CE4C51 /* ResultsRoute.swift */,
				4AA0CF832C4589D900CE4C51 /* ResultsNetworkService.swift */,
			);
			path = Network;
			sourceTree = "<group>";
		};
		4AA0CF8E2C46C67B00CE4C51 /* Navigation */ = {
			isa = PBXGroup;
			children = (
				4AA0CF4C2C427C4500CE4C51 /* MainRouter.swift */,
			);
			path = Navigation;
			sourceTree = "<group>";
		};
		4AA0CF8F2C46C69000CE4C51 /* View */ = {
			isa = PBXGroup;
			children = (
				4AA0CF342C411D4E00CE4C51 /* MainView.swift */,
			);
			path = View;
			sourceTree = "<group>";
		};
		4AA0CF902C46C6A600CE4C51 /* View */ = {
			isa = PBXGroup;
			children = (
				4AA0CF292C3E7D0400CE4C51 /* HeaderView.swift */,
			);
			path = View;
			sourceTree = "<group>";
		};
		4AA0CF912C46C6B000CE4C51 /* Factory */ = {
			isa = PBXGroup;
			children = (
				4AA0CF8C2C459DE700CE4C51 /* ResultsFactory.swift */,
			);
			path = Factory;
			sourceTree = "<group>";
		};
		4AA0CF992C4720CC00CE4C51 /* Main */ = {
			isa = PBXGroup;
			children = (
				4AA0CF302C411D0800CE4C51 /* Main */,
				4A1AEC9F2C3DB80500FB726A /* DropDownMenu */,
				4A1AEC922C3C0E9700FB726A /* Filter */,
				4AA0CF2D2C3E844B00CE4C51 /* Header */,
				4AA0CF382C414E3500CE4C51 /* Results */,
			);
			path = Main;
			sourceTree = "<group>";
		};
/* End PBXGroup section */

/* Begin PBXNativeTarget section */
		4A1AEC492C33F3F100FB726A /* RickAndMorty */ = {
			isa = PBXNativeTarget;
			buildConfigurationList = 4A1AEC5E2C33F3F200FB726A /* Build configuration list for PBXNativeTarget "RickAndMorty" */;
			buildPhases = (
				4A1AEC462C33F3F100FB726A /* Sources */,
				4A1AEC472C33F3F100FB726A /* Frameworks */,
				4A1AEC482C33F3F100FB726A /* Resources */,
			);
			buildRules = (
			);
			dependencies = (
			);
			name = RickAndMorty;
			productName = RickAndMorty;
			productReference = 4A1AEC4A2C33F3F100FB726A /* RickAndMorty.app */;
			productType = "com.apple.product-type.application";
		};
/* End PBXNativeTarget section */

/* Begin PBXProject section */
		4A1AEC422C33F3F100FB726A /* Project object */ = {
			isa = PBXProject;
			attributes = {
				BuildIndependentTargetsInParallel = 1;
				LastSwiftUpdateCheck = 1540;
				LastUpgradeCheck = 1540;
				TargetAttributes = {
					4A1AEC492C33F3F100FB726A = {
						CreatedOnToolsVersion = 15.4;
					};
				};
			};
			buildConfigurationList = 4A1AEC452C33F3F100FB726A /* Build configuration list for PBXProject "RickAndMorty" */;
			compatibilityVersion = "Xcode 14.0";
			developmentRegion = en;
			hasScannedForEncodings = 0;
			knownRegions = (
				en,
				Base,
			);
			mainGroup = 4A1AEC412C33F3F100FB726A;
			productRefGroup = 4A1AEC4B2C33F3F100FB726A /* Products */;
			projectDirPath = "";
			projectRoot = "";
			targets = (
				4A1AEC492C33F3F100FB726A /* RickAndMorty */,
			);
		};
/* End PBXProject section */

/* Begin PBXResourcesBuildPhase section */
		4A1AEC482C33F3F100FB726A /* Resources */ = {
			isa = PBXResourcesBuildPhase;
			buildActionMask = 2147483647;
			files = (
				4A1AEC792C37F3AD00FB726A /* Montserrat.ttf in Resources */,
				4A1AEC622C34055B00FB726A /* Colors.xcassets in Resources */,
				4A1AEC8C2C3A961900FB726A /* Montserrat-Bold.ttf in Resources */,
				4A1AEC572C33F3F200FB726A /* Assets.xcassets in Resources */,
				4A1AEC5A2C33F3F200FB726A /* Base in Resources */,
				4A1AEC7D2C37F74D00FB726A /* Montserrat-SemiBold.ttf in Resources */,
			);
			runOnlyForDeploymentPostprocessing = 0;
		};
/* End PBXResourcesBuildPhase section */

/* Begin PBXSourcesBuildPhase section */
		4A1AEC462C33F3F100FB726A /* Sources */ = {
			isa = PBXSourcesBuildPhase;
			buildActionMask = 2147483647;
			files = (
				4A1AEC9A2C3D394200FB726A /* DropDownMenu.swift in Sources */,
				4AA0CF352C411D4E00CE4C51 /* MainView.swift in Sources */,
				4AA0CF8B2C459BD200CE4C51 /* Notification.Name + Ext.swift in Sources */,
				4AA0CF3C2C4151E800CE4C51 /* CharacterTableViewCell.swift in Sources */,
				4AA0CF612C442B9400CE4C51 /* RequestBuilder.swift in Sources */,
				4AA0CF2F2C4021D000CE4C51 /* ExpandedButton.swift in Sources */,
				4AA0CF572C44250600CE4C51 /* ListResponse.swift in Sources */,
				4A1AEC8E2C3BD55900FB726A /* RmButton.swift in Sources */,
				4AA0CF732C452B6800CE4C51 /* DropDownInput.swift in Sources */,
				4A1AEC962C3C0EC300FB726A /* FilterView.swift in Sources */,
				4AA0CF712C452B4900CE4C51 /* ModuleInput.swift in Sources */,
				4A1AEC762C37D8C100FB726A /* DropDownButton.swift in Sources */,
				4AA0CF7D2C454F1D00CE4C51 /* FilterFactory.swift in Sources */,
				4AA0CF862C458AE000CE4C51 /* CharacterResponse.swift in Sources */,
				4AA0CF4F2C427DFB00CE4C51 /* Router.swift in Sources */,
				4AA0CF692C45280A00CE4C51 /* DropDownPresenter.swift in Sources */,
				4AA0CF6B2C4529AE00CE4C51 /* DropDownListType.swift in Sources */,
				4AA0CF5B2C44282000CE4C51 /* Api.swift in Sources */,
				4AA0CF652C442DB300CE4C51 /* DropDownRoute.swift in Sources */,
				4AA0CF3E2C417F9A00CE4C51 /* ContentSizedTableView.swift in Sources */,
				4AA0CF3A2C414E8E00CE4C51 /* CharacterModel.swift in Sources */,
				4AA0CF842C4589D900CE4C51 /* ResultsNetworkService.swift in Sources */,
				4A1AEC9C2C3DAA1300FB726A /* DropDownTableViewCell.swift in Sources */,
				4AA0CF792C4536F600CE4C51 /* UIViewController + Ext.swift in Sources */,
				4AA0CF2A2C3E7D0400CE4C51 /* HeaderView.swift in Sources */,
				4AA0CF4B2C426CB100CE4C51 /* CharacterView.swift in Sources */,
				4AA0CF6F2C452AC000CE4C51 /* DropDownMenuFactory.swift in Sources */,
				4AA0CF4D2C427C4500CE4C51 /* MainRouter.swift in Sources */,
				4AA0CF632C442C9600CE4C51 /* DropDownNetworkService.swift in Sources */,
				4AA0CF892C4595EE00CE4C51 /* ResultsRoute.swift in Sources */,
				4AA0CF5D2C442A5400CE4C51 /* HTTPClient.swift in Sources */,
				4AA0CF812C45888B00CE4C51 /* ResultsPresenter.swift in Sources */,
				4A1AEC942C3C0EA700FB726A /* FilterViewController.swift in Sources */,
				4A1AEC6A2C340DAF00FB726A /* Fonts.swift in Sources */,
				4AA0CF372C41278F00CE4C51 /* ResultsViewController.swift in Sources */,
				4A1AEC862C38329E00FB726A /* SegmentControl.swift in Sources */,
				4AA0CF462C426AC000CE4C51 /* CharacterViewController.swift in Sources */,
				4AA0CF8D2C459DE700CE4C51 /* ResultsFactory.swift in Sources */,
				4A1AEC4E2C33F3F100FB726A /* AppDelegate.swift in Sources */,
				4A1AEC642C3408F900FB726A /* Colors.swift in Sources */,
				4A1AEC9E2C3DAB7300FB726A /* PaddingLabel.swift in Sources */,
				4AA0CF932C46C7A400CE4C51 /* SpinnerController.swift in Sources */,
				4A1AEC502C33F3F100FB726A /* SceneDelegate.swift in Sources */,
				4A1AEC8A2C39A2B600FB726A /* SearchTextField.swift in Sources */,
				4AA0CF402C41837200CE4C51 /* CharacterInfo.swift in Sources */,
				4A1AEC902C3BE43500FB726A /* UIConstants.swift in Sources */,
				4A1AEC982C3C1A1C00FB726A /* FilterModel.swift in Sources */,
				4AA0CF2C2C3E7E8700CE4C51 /* HeaderViewController.swift in Sources */,
				4AA0CF592C44275100CE4C51 /* Route.swift in Sources */,
				4AA0CF982C46EFC500CE4C51 /* EpisodeResponse.swift in Sources */,
				4AA0CF7B2C45391A00CE4C51 /* FilterPresenter.swift in Sources */,
				4AA0CF322C411D2900CE4C51 /* MainViewController.swift in Sources */,
				4AA0CF5F2C442A7D00CE4C51 /* NetworkError.swift in Sources */,
			);
			runOnlyForDeploymentPostprocessing = 0;
		};
/* End PBXSourcesBuildPhase section */

/* Begin PBXVariantGroup section */
		4A1AEC582C33F3F200FB726A /* LaunchScreen.storyboard */ = {
			isa = PBXVariantGroup;
			children = (
				4A1AEC592C33F3F200FB726A /* Base */,
			);
			name = LaunchScreen.storyboard;
			sourceTree = "<group>";
		};
/* End PBXVariantGroup section */

/* Begin XCBuildConfiguration section */
		4A1AEC5C2C33F3F200FB726A /* Debug */ = {
			isa = XCBuildConfiguration;
			buildSettings = {
				ALWAYS_SEARCH_USER_PATHS = NO;
				ASSETCATALOG_COMPILER_GENERATE_SWIFT_ASSET_SYMBOL_EXTENSIONS = YES;
				CLANG_ANALYZER_NONNULL = YES;
				CLANG_ANALYZER_NUMBER_OBJECT_CONVERSION = YES_AGGRESSIVE;
				CLANG_CXX_LANGUAGE_STANDARD = "gnu++20";
				CLANG_ENABLE_MODULES = YES;
				CLANG_ENABLE_OBJC_ARC = YES;
				CLANG_ENABLE_OBJC_WEAK = YES;
				CLANG_WARN_BLOCK_CAPTURE_AUTORELEASING = YES;
				CLANG_WARN_BOOL_CONVERSION = YES;
				CLANG_WARN_COMMA = YES;
				CLANG_WARN_CONSTANT_CONVERSION = YES;
				CLANG_WARN_DEPRECATED_OBJC_IMPLEMENTATIONS = YES;
				CLANG_WARN_DIRECT_OBJC_ISA_USAGE = YES_ERROR;
				CLANG_WARN_DOCUMENTATION_COMMENTS = YES;
				CLANG_WARN_EMPTY_BODY = YES;
				CLANG_WARN_ENUM_CONVERSION = YES;
				CLANG_WARN_INFINITE_RECURSION = YES;
				CLANG_WARN_INT_CONVERSION = YES;
				CLANG_WARN_NON_LITERAL_NULL_CONVERSION = YES;
				CLANG_WARN_OBJC_IMPLICIT_RETAIN_SELF = YES;
				CLANG_WARN_OBJC_LITERAL_CONVERSION = YES;
				CLANG_WARN_OBJC_ROOT_CLASS = YES_ERROR;
				CLANG_WARN_QUOTED_INCLUDE_IN_FRAMEWORK_HEADER = YES;
				CLANG_WARN_RANGE_LOOP_ANALYSIS = YES;
				CLANG_WARN_STRICT_PROTOTYPES = YES;
				CLANG_WARN_SUSPICIOUS_MOVE = YES;
				CLANG_WARN_UNGUARDED_AVAILABILITY = YES_AGGRESSIVE;
				CLANG_WARN_UNREACHABLE_CODE = YES;
				CLANG_WARN__DUPLICATE_METHOD_MATCH = YES;
				COPY_PHASE_STRIP = NO;
				DEBUG_INFORMATION_FORMAT = dwarf;
				ENABLE_STRICT_OBJC_MSGSEND = YES;
				ENABLE_TESTABILITY = YES;
				ENABLE_USER_SCRIPT_SANDBOXING = YES;
				GCC_C_LANGUAGE_STANDARD = gnu17;
				GCC_DYNAMIC_NO_PIC = NO;
				GCC_NO_COMMON_BLOCKS = YES;
				GCC_OPTIMIZATION_LEVEL = 0;
				GCC_PREPROCESSOR_DEFINITIONS = (
					"DEBUG=1",
					"$(inherited)",
				);
				GCC_WARN_64_TO_32_BIT_CONVERSION = YES;
				GCC_WARN_ABOUT_RETURN_TYPE = YES_ERROR;
				GCC_WARN_UNDECLARED_SELECTOR = YES;
				GCC_WARN_UNINITIALIZED_AUTOS = YES_AGGRESSIVE;
				GCC_WARN_UNUSED_FUNCTION = YES;
				GCC_WARN_UNUSED_VARIABLE = YES;
				IPHONEOS_DEPLOYMENT_TARGET = 15.0;
				LOCALIZATION_PREFERS_STRING_CATALOGS = YES;
				MTL_ENABLE_DEBUG_INFO = INCLUDE_SOURCE;
				MTL_FAST_MATH = YES;
				ONLY_ACTIVE_ARCH = YES;
				SDKROOT = iphoneos;
				SWIFT_ACTIVE_COMPILATION_CONDITIONS = "DEBUG $(inherited)";
				SWIFT_OPTIMIZATION_LEVEL = "-Onone";
			};
			name = Debug;
		};
		4A1AEC5D2C33F3F200FB726A /* Release */ = {
			isa = XCBuildConfiguration;
			buildSettings = {
				ALWAYS_SEARCH_USER_PATHS = NO;
				ASSETCATALOG_COMPILER_GENERATE_SWIFT_ASSET_SYMBOL_EXTENSIONS = YES;
				CLANG_ANALYZER_NONNULL = YES;
				CLANG_ANALYZER_NUMBER_OBJECT_CONVERSION = YES_AGGRESSIVE;
				CLANG_CXX_LANGUAGE_STANDARD = "gnu++20";
				CLANG_ENABLE_MODULES = YES;
				CLANG_ENABLE_OBJC_ARC = YES;
				CLANG_ENABLE_OBJC_WEAK = YES;
				CLANG_WARN_BLOCK_CAPTURE_AUTORELEASING = YES;
				CLANG_WARN_BOOL_CONVERSION = YES;
				CLANG_WARN_COMMA = YES;
				CLANG_WARN_CONSTANT_CONVERSION = YES;
				CLANG_WARN_DEPRECATED_OBJC_IMPLEMENTATIONS = YES;
				CLANG_WARN_DIRECT_OBJC_ISA_USAGE = YES_ERROR;
				CLANG_WARN_DOCUMENTATION_COMMENTS = YES;
				CLANG_WARN_EMPTY_BODY = YES;
				CLANG_WARN_ENUM_CONVERSION = YES;
				CLANG_WARN_INFINITE_RECURSION = YES;
				CLANG_WARN_INT_CONVERSION = YES;
				CLANG_WARN_NON_LITERAL_NULL_CONVERSION = YES;
				CLANG_WARN_OBJC_IMPLICIT_RETAIN_SELF = YES;
				CLANG_WARN_OBJC_LITERAL_CONVERSION = YES;
				CLANG_WARN_OBJC_ROOT_CLASS = YES_ERROR;
				CLANG_WARN_QUOTED_INCLUDE_IN_FRAMEWORK_HEADER = YES;
				CLANG_WARN_RANGE_LOOP_ANALYSIS = YES;
				CLANG_WARN_STRICT_PROTOTYPES = YES;
				CLANG_WARN_SUSPICIOUS_MOVE = YES;
				CLANG_WARN_UNGUARDED_AVAILABILITY = YES_AGGRESSIVE;
				CLANG_WARN_UNREACHABLE_CODE = YES;
				CLANG_WARN__DUPLICATE_METHOD_MATCH = YES;
				COPY_PHASE_STRIP = NO;
				DEBUG_INFORMATION_FORMAT = "dwarf-with-dsym";
				ENABLE_NS_ASSERTIONS = NO;
				ENABLE_STRICT_OBJC_MSGSEND = YES;
				ENABLE_USER_SCRIPT_SANDBOXING = YES;
				GCC_C_LANGUAGE_STANDARD = gnu17;
				GCC_NO_COMMON_BLOCKS = YES;
				GCC_WARN_64_TO_32_BIT_CONVERSION = YES;
				GCC_WARN_ABOUT_RETURN_TYPE = YES_ERROR;
				GCC_WARN_UNDECLARED_SELECTOR = YES;
				GCC_WARN_UNINITIALIZED_AUTOS = YES_AGGRESSIVE;
				GCC_WARN_UNUSED_FUNCTION = YES;
				GCC_WARN_UNUSED_VARIABLE = YES;
				IPHONEOS_DEPLOYMENT_TARGET = 15.0;
				LOCALIZATION_PREFERS_STRING_CATALOGS = YES;
				MTL_ENABLE_DEBUG_INFO = NO;
				MTL_FAST_MATH = YES;
				SDKROOT = iphoneos;
				SWIFT_COMPILATION_MODE = wholemodule;
				VALIDATE_PRODUCT = YES;
			};
			name = Release;
		};
		4A1AEC5F2C33F3F200FB726A /* Debug */ = {
			isa = XCBuildConfiguration;
			buildSettings = {
				ASSETCATALOG_COMPILER_APPICON_NAME = AppIcon;
				ASSETCATALOG_COMPILER_GLOBAL_ACCENT_COLOR_NAME = AccentColor;
				CODE_SIGN_STYLE = Automatic;
				CURRENT_PROJECT_VERSION = 1;
				DEVELOPMENT_TEAM = 77NB29ZK26;
				GENERATE_INFOPLIST_FILE = YES;
				INFOPLIST_FILE = RickAndMorty/Info.plist;
				INFOPLIST_KEY_UIApplicationSupportsIndirectInputEvents = YES;
				INFOPLIST_KEY_UILaunchStoryboardName = LaunchScreen;
				INFOPLIST_KEY_UISupportedInterfaceOrientations = UIInterfaceOrientationPortrait;
				IPHONEOS_DEPLOYMENT_TARGET = 15.0;
				LD_RUNPATH_SEARCH_PATHS = (
					"$(inherited)",
					"@executable_path/Frameworks",
				);
				MARKETING_VERSION = 1.0;
				PRODUCT_BUNDLE_IDENTIFIER = com.smith.RickAndMorty;
				PRODUCT_NAME = "$(TARGET_NAME)";
				SUPPORTED_PLATFORMS = "iphoneos iphonesimulator";
				SUPPORTS_MACCATALYST = NO;
				SUPPORTS_MAC_DESIGNED_FOR_IPHONE_IPAD = NO;
				SUPPORTS_XR_DESIGNED_FOR_IPHONE_IPAD = NO;
				SWIFT_EMIT_LOC_STRINGS = YES;
				SWIFT_VERSION = 5.0;
				TARGETED_DEVICE_FAMILY = 1;
			};
			name = Debug;
		};
		4A1AEC602C33F3F200FB726A /* Release */ = {
			isa = XCBuildConfiguration;
			buildSettings = {
				ASSETCATALOG_COMPILER_APPICON_NAME = AppIcon;
				ASSETCATALOG_COMPILER_GLOBAL_ACCENT_COLOR_NAME = AccentColor;
				CODE_SIGN_STYLE = Automatic;
				CURRENT_PROJECT_VERSION = 1;
				DEVELOPMENT_TEAM = 77NB29ZK26;
				GENERATE_INFOPLIST_FILE = YES;
				INFOPLIST_FILE = RickAndMorty/Info.plist;
				INFOPLIST_KEY_UIApplicationSupportsIndirectInputEvents = YES;
				INFOPLIST_KEY_UILaunchStoryboardName = LaunchScreen;
				INFOPLIST_KEY_UISupportedInterfaceOrientations = UIInterfaceOrientationPortrait;
				IPHONEOS_DEPLOYMENT_TARGET = 15.0;
				LD_RUNPATH_SEARCH_PATHS = (
					"$(inherited)",
					"@executable_path/Frameworks",
				);
				MARKETING_VERSION = 1.0;
				PRODUCT_BUNDLE_IDENTIFIER = com.smith.RickAndMorty;
				PRODUCT_NAME = "$(TARGET_NAME)";
				SUPPORTED_PLATFORMS = "iphoneos iphonesimulator";
				SUPPORTS_MACCATALYST = NO;
				SUPPORTS_MAC_DESIGNED_FOR_IPHONE_IPAD = NO;
				SUPPORTS_XR_DESIGNED_FOR_IPHONE_IPAD = NO;
				SWIFT_EMIT_LOC_STRINGS = YES;
				SWIFT_VERSION = 5.0;
				TARGETED_DEVICE_FAMILY = 1;
			};
			name = Release;
		};
/* End XCBuildConfiguration section */

/* Begin XCConfigurationList section */
		4A1AEC452C33F3F100FB726A /* Build configuration list for PBXProject "RickAndMorty" */ = {
			isa = XCConfigurationList;
			buildConfigurations = (
				4A1AEC5C2C33F3F200FB726A /* Debug */,
				4A1AEC5D2C33F3F200FB726A /* Release */,
			);
			defaultConfigurationIsVisible = 0;
			defaultConfigurationName = Release;
		};
		4A1AEC5E2C33F3F200FB726A /* Build configuration list for PBXNativeTarget "RickAndMorty" */ = {
			isa = XCConfigurationList;
			buildConfigurations = (
				4A1AEC5F2C33F3F200FB726A /* Debug */,
				4A1AEC602C33F3F200FB726A /* Release */,
			);
			defaultConfigurationIsVisible = 0;
			defaultConfigurationName = Release;
		};
/* End XCConfigurationList section */
	};
	rootObject = 4A1AEC422C33F3F100FB726A /* Project object */;
}
